
Microsoft Visual Studio Solution File, Format Version 12.00
# Visual Studio Version 16
VisualStudioVersion = 16.0.30621.155
MinimumVisualStudioVersion = 10.0.40219.1
Project("{E24C65DC-7377-472B-9ABA-BC803B73C61A}") = "Scrap_ManagemenEmployee (2)", "Scrap_ManagemenEmployee (2)\", "{A24D1B7A-7AE9-49FC-A381-68EC879F2F13}"
	ProjectSection(WebsiteProperties) = preProject
		TargetFrameworkMoniker = ".NETFramework,Version%3Dv4.5"
		Debug.AspNetCompiler.VirtualPath = "/localhost_52409"
		Debug.AspNetCompiler.PhysicalPath = "Scrap_ManagemenEmployee (2)\"
		Debug.AspNetCompiler.TargetPath = "PrecompiledWeb\localhost_52409\"
		Debug.AspNetCompiler.Updateable = "true"
		Debug.AspNetCompiler.ForceOverwrite = "true"
		Debug.AspNetCompiler.FixedNames = "false"
		Debug.AspNetCompiler.Debug = "True"
		Release.AspNetCompiler.VirtualPath = "/localhost_52409"
		Release.AspNetCompiler.PhysicalPath = "Scrap_ManagemenEmployee (2)\"
		Release.AspNetCompiler.TargetPath = "PrecompiledWeb\localhost_52409\"
		Release.AspNetCompiler.Updateable = "true"
		Release.AspNetCompiler.ForceOverwrite = "true"
		Release.AspNetCompiler.FixedNames = "false"
		Release.AspNetCompiler.Debug = "False"
		VWDPort = "52409"
		SlnRelativePath = "Scrap_ManagemenEmployee (2)\"
	EndProjectSection
EndProject
Global
	GlobalSection(SolutionConfigurationPlatforms) = preSolution
		Debug|Any CPU = Debug|Any CPU
	EndGlobalSection
	GlobalSection(ProjectConfigurationPlatforms) = postSolution
		{A24D1B7A-7AE9-49FC-A381-68EC879F2F13}.Debug|Any CPU.ActiveCfg = Debug|Any CPU
		{A24D1B7A-7AE9-49FC-A381-68EC879F2F13}.Debug|Any CPU.Build.0 = Debug|Any CPU
	EndGlobalSection
	GlobalSection(SolutionProperties) = preSolution
		HideSolutionNode = FALSE
	EndGlobalSection
	GlobalSection(ExtensibilityGlobals) = postSolution
		SolutionGuid = {0E378441-026B-4CBB-83B0-F5044F19D752}
	EndGlobalSection
EndGlobal
